
Microsoft Visual Studio Solution File, Format Version 12.00
# Visual Studio 2012
Project("{FAE04EC0-301F-11D3-BF4B-00C04F79EFBC}") = "ReminderModule", "ReminderModule\ReminderModule.csproj", "{F17FA272-7352-4C7A-9F36-8910191F1BB9}"
EndProject
Global
	GlobalSection(SolutionConfigurationPlatforms) = preSolution
		Debug|Any CPU = Debug|Any CPU
		Release|Any CPU = Release|Any CPU
	EndGlobalSection
	GlobalSection(ProjectConfigurationPlatforms) = postSolution
		{F17FA272-7352-4C7A-9F36-8910191F1BB9}.Debug|Any CPU.ActiveCfg = Debug|Any CPU
		{F17FA272-7352-4C7A-9F36-8910191F1BB9}.Debug|Any CPU.Build.0 = Debug|Any CPU
		{F17FA272-7352-4C7A-9F36-8910191F1BB9}.Release|Any CPU.ActiveCfg = Release|Any CPU
		{F17FA272-7352-4C7A-9F36-8910191F1BB9}.Release|Any CPU.Build.0 = Release|Any CPU
	EndGlobalSection
EndGlobal
